{
  "name": "image-compress-cli",
  "version": "1.0.0",
  "lockfileVersion": 3,
  "requires": true,
  "packages": {
    "": {
      "name": "image-compress-cli",
      "version": "1.0.0",
      "hasInstallScript": true,
      "os": [
        "win32",
        "linux"
      ],
      "bin": {
        "compress-image": "bin/compress-image.js"
      },
      "engines": {
        "node": ">=16"
      }
    }
  }
}
